github.com/ValentBernardini/figures-mod v0.0.0-20230602145422-e37b7b14c0ca h1:Cb+QsSOsYRqck2KzPVKvEzlFkiPBM5NqI/BXYAKhn6Q=
github.com/ValentBernardini/figures-mod v0.0.0-20230602145422-e37b7b14c0ca/go.mod h1:2HETkrZCTh0Ao+CY7cY5DyhF7ie4/4/oavELCSrMoXE=
github.com/ValentBernardini/figuresMod v0.0.0-20230602150806-44e2b99872e3 h1:Hb3MSiGrANg7++K5lWOIoHfzDflxt1GRnEMT/sCE9pA=
github.com/ValentBernardini/figuresMod v0.0.0-20230602150806-44e2b99872e3/go.mod h1:QZhrZZ5HzpaLB+empzp28oLu+xVpweb2/Fl15yYmA+M=
github.com/alexroel/figuras v0.0.0-20210830214208-a8049a0c7061 h1:1cPnFYAPVntrMGWwBEgBN5o2ukNwFMimJ41U6iplL4E=
github.com/alexroel/figuras v0.0.0-20210830214208-a8049a0c7061/go.mod h1:72Ifu1vPXr1IUDFMOdX38MdOOSlrtRDIILy6UyEINXs=
github.com/donvito/hellomod v1.0.1 h1:tOU3KDwvrGW7QUHXYQnk6YUD+92aTsRmJItJTD9f4I4=
github.com/donvito/hellomod v1.0.1/go.mod h1:DuOSvrBCwGkjX0WS5ohdpC/q67fS0Mde3LEM+2jeHSw=
